{
    "_meta": {
        "hash": {
            "sha256": "5dab5b4f7e6415370fc74cd85f4355e9cdac0bea7a26d3a232154c7f4d8745b0"
        },
        "pipfile-spec": 6,
        "requires": {
            "python_full_version": "3.7.2"
        },
        "sources": [
            {
                "name": "pypi",
                "url": "https://pypi.org/simple",
                "verify_ssl": true
            }
        ]
    },
    "default": {
        "beautifulsoup4": {
            "hashes": [
                "sha256:034740f6cb549b4e932ae1ab975581e6103ac8f942200a0e9759065984391858",
                "sha256:945065979fb8529dd2f37dbb58f00b661bdbcbebf954f93b32fdf5263ef35348",
                "sha256:ba6d5c59906a85ac23dadfe5c88deaf3e179ef565f4898671253e50a78680718"
            ],
            "index": "pypi",
            "version": "==4.7.1"
        },
        "certifi": {
            "hashes": [
                "sha256:47f9c83ef4c0c621eaef743f133f09fa8a74a9b75f037e8624f83bd1b6626cb7",
                "sha256:993f830721089fef441cdfeb4b2c8c9df86f0c63239f06bd025a76a7daddb033"
            ],
            "version": "==2018.11.29"
        },
        "chardet": {
            "hashes": [
                "sha256:84ab92ed1c4d4f16916e05906b6b75a6c0fb5db821cc65e70cbd64a3e2a5eaae",
                "sha256:fc323ffcaeaed0e0a02bf4d117757b98aed530d9ed4531e3e15460124c106691"
            ],
            "version": "==3.0.4"
        },
        "idna": {
            "hashes": [
                "sha256:c357b3f628cf53ae2c4c05627ecc484553142ca23264e593d327bcde5e9c3407",
                "sha256:ea8b7f6188e6fa117537c3df7da9fc686d485087abf6ac197f9c46432f7e4a3c"
            ],
            "version": "==2.8"
        },
        "requests": {
            "hashes": [
                "sha256:502a824f31acdacb3a35b6690b5fbf0bc41d63a24a45c4004352b0242707598e",
                "sha256:7bf2a778576d825600030a110f3c0e3e8edc51dfaafe1c146e39a2027784957b"
            ],
            "index": "pypi",
            "version": "==2.21.0"
        },
        "selenium": {
            "hashes": [
                "sha256:2d7131d7bc5a5b99a2d9b04aaf2612c411b03b8ca1b1ee8d3de5845a9be2cb3c",
                "sha256:deaf32b60ad91a4611b98d8002757f29e6f2c2d5fcaf202e1c9ad06d6772300d"
            ],
            "index": "pypi",
            "version": "==3.141.0"
        },
        "soupsieve": {
            "hashes": [
                "sha256:466910df7561796a60748826781ebe9a888f7a1668a636ae86783f44d10aae73",
                "sha256:87db12ae79194f0ff9808d2b1641c4f031ae39ffa3cab6b907ea7c1e5e5ed445"
            ],
            "version": "==1.7.3"
        },
        "urllib3": {
            "hashes": [
                "sha256:61bf29cada3fc2fbefad4fdf059ea4bd1b4a86d2b6d15e1c7c0b582b9752fe39",
                "sha256:de9529817c93f27c8ccbfead6985011db27bd0ddfcdb2d86f3f663385c6a9c22"
            ],
            "version": "==1.24.1"
        }
    },
    "develop": {
        "appdirs": {
            "hashes": [
                "sha256:9e5896d1372858f8dd3344faf4e5014d21849c756c8d5701f78f8a103b372d92",
                "sha256:d8b24664561d0d34ddfaec54636d502d7cea6e29c3eaf68f3df6180863e2166e"
            ],
            "version": "==1.4.3"
        },
        "aspy.yaml": {
            "hashes": [
                "sha256:19dd2ee74f96b72a3096d78be1a872914c70982299cda137725478954870a896",
                "sha256:5eaaacd0886e8b581f0e4ff383fb6504720bb2b3c7be17307724246261a41adf"
            ],
            "version": "==1.1.2"
        },
        "atomicwrites": {
            "hashes": [
                "sha256:03472c30eb2c5d1ba9227e4c2ca66ab8287fbfbbda3888aa93dc2e28fc6811b4",
                "sha256:75a9445bac02d8d058d5e1fe689654ba5a6556a1dfd8ce6ec55a0ed79866cfa6"
            ],
            "version": "==1.3.0"
        },
        "attrs": {
            "hashes": [
                "sha256:10cbf6e27dbce8c30807caf056c8eb50917e0eaafe86347671b57254006c3e69",
                "sha256:ca4be454458f9dec299268d472aaa5a11f67a4ff70093396e1ceae9c76cf4bbb"
            ],
            "version": "==18.2.0"
        },
        "black": {
            "hashes": [
                "sha256:817243426042db1d36617910df579a54f1afd659adb96fc5032fcf4b36209739",
                "sha256:e030a9a28f542debc08acceb273f228ac422798e5215ba2a791a6ddeaaca22a5"
            ],
            "index": "pypi",
            "version": "==18.9b0"
        },
        "cfgv": {
            "hashes": [
                "sha256:39d9055c47e3932908fe25abd5807e21dc002630db01c7a5f05738d027e2b706",
                "sha256:41d22dd864c474f919ecb88900000d2410d640315f75bdb79b3abf9347089641"
            ],
            "version": "==1.4.0"
        },
        "click": {
            "hashes": [
                "sha256:2335065e6395b9e67ca716de5f7526736bfa6ceead690adf616d925bdc622b13",
                "sha256:5b94b49521f6456670fdb30cd82a4eca9412788a93fa6dd6df72c94d5a8ff2d7"
            ],
            "version": "==7.0"
        },
        "entrypoints": {
            "hashes": [
                "sha256:589f874b313739ad35be6e0cd7efde2a4e9b6fea91edcc34e58ecbb8dbe56d19",
                "sha256:c70dd71abe5a8c85e55e12c19bd91ccfeec11a6e99044204511f9ed547d48451"
            ],
            "version": "==0.3"
        },
        "flake8": {
            "hashes": [
                "sha256:c3ba1e130c813191db95c431a18cb4d20a468e98af7a77e2181b68574481ad36",
                "sha256:fd9ddf503110bf3d8b1d270e8c673aab29ccb3dd6abf29bae1f54e5116ab4a91"
            ],
            "index": "pypi",
            "version": "==3.7.5"
        },
        "identify": {
            "hashes": [
                "sha256:0749c74180ef0f6a3874eaa0bf89a6990a523233180e83e6f3c7c27312ac9ba3",
                "sha256:1cf14bc0324d83a742f558051db0c2cbe15d8b9ae1c59dfefbe38935f1d1ee31"
            ],
            "version": "==1.2.1"
        },
        "importlib-metadata": {
            "hashes": [
                "sha256:a17ce1a8c7bff1e8674cb12c992375d8d0800c9190177ecf0ad93e0097224095",
                "sha256:b50191ead8c70adfa12495fba19ce6d75f2e0275c14c5a7beb653d6799b512bd"
            ],
            "version": "==0.8"
        },
        "mccabe": {
            "hashes": [
                "sha256:ab8a6258860da4b6677da4bd2fe5dc2c659cff31b3ee4f7f5d64e79735b80d42",
                "sha256:dd8d182285a0fe56bace7f45b5e7d1a6ebcbf524e8f3bd87eb0f125271b8831f"
            ],
            "version": "==0.6.1"
        },
        "more-itertools": {
            "hashes": [
                "sha256:38a936c0a6d98a38bcc2d03fdaaedaba9f412879461dd2ceff8d37564d6522e4",
                "sha256:c0a5785b1109a6bd7fac76d6837fd1feca158e54e521ccd2ae8bfe393cc9d4fc",
                "sha256:fe7a7cae1ccb57d33952113ff4fa1bc5f879963600ed74918f1236e212ee50b9"
            ],
            "version": "==5.0.0"
        },
        "nodeenv": {
            "hashes": [
                "sha256:ad8259494cf1c9034539f6cced78a1da4840a4b157e23640bc4a0c0546b0cb7a"
            ],
            "version": "==1.3.3"
        },
        "pluggy": {
            "hashes": [
                "sha256:8ddc32f03971bfdf900a81961a48ccf2fb677cf7715108f85295c67405798616",
                "sha256:980710797ff6a041e9a73a5787804f848996ecaa6f8a1b1e08224a5894f2074a"
            ],
            "version": "==0.8.1"
        },
        "pre-commit": {
            "hashes": [
                "sha256:40bc3f3a56402d73c54db2dc855fccfb2e7b1b8136da29c61470c1d999614060",
                "sha256:dfca349528e1b1272bc35511e4375d8bb01d4b0dec5eb632e0cf2d7e7458fecc"
            ],
            "index": "pypi",
            "version": "==1.14.3"
        },
        "py": {
            "hashes": [
                "sha256:bf92637198836372b520efcba9e020c330123be8ce527e535d185ed4b6f45694",
                "sha256:e76826342cefe3c3d5f7e8ee4316b80d1dd8a300781612ddbc765c17ba25a6c6"
            ],
            "version": "==1.7.0"
        },
        "pycodestyle": {
            "hashes": [
                "sha256:95a2219d12372f05704562a14ec30bc76b05a5b297b21a5dfe3f6fac3491ae56",
                "sha256:e40a936c9a450ad81df37f549d676d127b1b66000a6c500caa2b085bc0ca976c"
            ],
            "version": "==2.5.0"
        },
        "pyflakes": {
            "hashes": [
                "sha256:5e8c00e30c464c99e0b501dc160b13a14af7f27d4dffb529c556e30a159e231d",
                "sha256:f277f9ca3e55de669fba45b7393a1449009cff5a37d1af10ebb76c52765269cd"
            ],
            "version": "==2.1.0"
        },
        "pytest": {
            "hashes": [
                "sha256:65aeaa77ae87c7fc95de56285282546cfa9c886dc8e5dc78313db1c25e21bc07",
                "sha256:6ac6d467d9f053e95aaacd79f831dbecfe730f419c6c7022cb316b365cd9199d"
            ],
            "index": "pypi",
            "version": "==4.2.0"
        },
        "pyyaml": {
            "hashes": [
                "sha256:254bf6fda2b7c651837acb2c718e213df29d531eebf00edb54743d10bcb694eb",
                "sha256:3108529b78577327d15eec243f0ff348a0640b0c3478d67ad7f5648f93bac3e2",
                "sha256:3c17fb92c8ba2f525e4b5f7941d850e7a48c3a59b32d331e2502a3cdc6648e76",
                "sha256:8d6d96001aa7f0a6a4a95e8143225b5d06e41b1131044913fecb8f85a125714b",
                "sha256:c8a88edd93ee29ede719080b2be6cb2333dfee1dccba213b422a9c8e97f2967b"
            ],
            "version": "==4.2b4"
        },
        "rope": {
            "hashes": [
                "sha256:a108c445e1cd897fe19272ab7877d172e7faf3d4148c80e7d20faba42ea8f7b2"
            ],
            "index": "pypi",
            "version": "==0.11.0"
        },
        "six": {
            "hashes": [
                "sha256:3350809f0555b11f552448330d0b52d5f24c91a322ea4a15ef22629740f3761c",
                "sha256:d16a0141ec1a18405cd4ce8b4613101da75da0e9a7aec5bdd4fa804d0e0eba73"
            ],
            "version": "==1.12.0"
        },
        "toml": {
            "hashes": [
                "sha256:229f81c57791a41d65e399fc06bf0848bab550a9dfd5ed66df18ce5f05e73d5c",
                "sha256:235682dd292d5899d361a811df37e04a8828a5b1da3115886b73cf81ebc9100e"
            ],
            "version": "==0.10.0"
        },
        "virtualenv": {
            "hashes": [
                "sha256:58c359370401e0af817fb0070911e599c5fdc836166306b04fd0f278151ed125",
                "sha256:729f0bcab430e4ef137646805b5b1d8efbb43fe53d4a0f33328624a84a5121f7"
            ],
            "version": "==16.3.0"
        },
        "zipp": {
            "hashes": [
                "sha256:55ca87266c38af6658b84db8cfb7343cdb0bf275f93c7afaea0d8e7a209c7478",
                "sha256:682b3e1c62b7026afe24eadf6be579fb45fec54c07ea218bded8092af07a68c4"
            ],
            "version": "==0.3.3"
        }
    }
}
